
Microsoft Visual Studio Solution File, Format Version 12.00
# Visual Studio Version 17
VisualStudioVersion = 17.3.32825.248
MinimumVisualStudioVersion = 10.0.40219.1
Project("{FAE04EC0-301F-11D3-BF4B-00C04F79EFBC}") = "NZWalks.API", "NZWalks.API\NZWalks.API.csproj", "{5C01452A-122A-4295-AF77-C9DB7B90A160}"
EndProject
Global
	GlobalSection(SolutionConfigurationPlatforms) = preSolution
		Debug|Any CPU = Debug|Any CPU
		Release|Any CPU = Release|Any CPU
	EndGlobalSection
	GlobalSection(ProjectConfigurationPlatforms) = postSolution
		{5C01452A-122A-4295-AF77-C9DB7B90A160}.Debug|Any CPU.ActiveCfg = Debug|Any CPU
		{5C01452A-122A-4295-AF77-C9DB7B90A160}.Debug|Any CPU.Build.0 = Debug|Any CPU
		{5C01452A-122A-4295-AF77-C9DB7B90A160}.Release|Any CPU.ActiveCfg = Release|Any CPU
		{5C01452A-122A-4295-AF77-C9DB7B90A160}.Release|Any CPU.Build.0 = Release|Any CPU
	EndGlobalSection
	GlobalSection(SolutionProperties) = preSolution
		HideSolutionNode = FALSE
	EndGlobalSection
	GlobalSection(ExtensibilityGlobals) = postSolution
		SolutionGuid = {6C156267-7FC8-4217-8AF5-BF62411AAFF1}
	EndGlobalSection
EndGlobal
